
Microsoft Visual Studio Solution File, Format Version 12.00
# Visual Studio 15
VisualStudioVersion = 15.0.27428.2002
MinimumVisualStudioVersion = 10.0.40219.1
Project("{FAE04EC0-301F-11D3-BF4B-00C04F79EFBC}") = "Rdz.cAlgo.GridTrap", "Rdz.cAlgo.GridTrap\Rdz.cAlgo.GridTrap.csproj", "{BA78836D-93D3-4DA4-BBB3-D4D3B5A41ACF}"
EndProject
Project("{FAE04EC0-301F-11D3-BF4B-00C04F79EFBC}") = "Rdz.cAlgo.Library", "..\..\Rdz-cAlgo-Library\Rdz.cAlgo.Library\Rdz.cAlgo.Library\Rdz.cAlgo.Library.csproj", "{899B89D3-ED6E-4436-94E3-7BF25A1C2915}"
EndProject
Global
	GlobalSection(SolutionConfigurationPlatforms) = preSolution
		Debug|Any CPU = Debug|Any CPU
		Release|Any CPU = Release|Any CPU
	EndGlobalSection
	GlobalSection(ProjectConfigurationPlatforms) = postSolution
		{BA78836D-93D3-4DA4-BBB3-D4D3B5A41ACF}.Debug|Any CPU.ActiveCfg = Debug|Any CPU
		{BA78836D-93D3-4DA4-BBB3-D4D3B5A41ACF}.Debug|Any CPU.Build.0 = Debug|Any CPU
		{BA78836D-93D3-4DA4-BBB3-D4D3B5A41ACF}.Release|Any CPU.ActiveCfg = Release|Any CPU
		{BA78836D-93D3-4DA4-BBB3-D4D3B5A41ACF}.Release|Any CPU.Build.0 = Release|Any CPU
		{899B89D3-ED6E-4436-94E3-7BF25A1C2915}.Debug|Any CPU.ActiveCfg = Debug|Any CPU
		{899B89D3-ED6E-4436-94E3-7BF25A1C2915}.Debug|Any CPU.Build.0 = Debug|Any CPU
		{899B89D3-ED6E-4436-94E3-7BF25A1C2915}.Release|Any CPU.ActiveCfg = Release|Any CPU
		{899B89D3-ED6E-4436-94E3-7BF25A1C2915}.Release|Any CPU.Build.0 = Release|Any CPU
	EndGlobalSection
	GlobalSection(SolutionProperties) = preSolution
		HideSolutionNode = FALSE
	EndGlobalSection
	GlobalSection(ExtensibilityGlobals) = postSolution
		SolutionGuid = {0160337A-5564-48B1-8518-7567E2429834}
	EndGlobalSection
EndGlobal
